Microsoft Visual Studio Solution File, Format Version 11.00
# Visual Studio 2008

Project("{A7915EC7-9048-0E05-92B7-45B229803DF1}") = "EndlessRunnerGraybox", "Assembly-CSharp.csproj", "{C12543B5-BB81-B0A6-8221-F4AB71CB42D3}"
EndProject
Global
	GlobalSection(SolutionConfigurationPlatforms) = preSolution
		Debug|Any CPU = Debug|Any CPU
		Release|Any CPU = Release|Any CPU
	EndGlobalSection
	GlobalSection(ProjectConfigurationPlatforms) = postSolution
		{C12543B5-BB81-B0A6-8221-F4AB71CB42D3}.Debug|Any CPU.ActiveCfg = Debug|Any CPU
		{C12543B5-BB81-B0A6-8221-F4AB71CB42D3}.Debug|Any CPU.Build.0 = Debug|Any CPU
		{C12543B5-BB81-B0A6-8221-F4AB71CB42D3}.Release|Any CPU.ActiveCfg = Release|Any CPU
		{C12543B5-BB81-B0A6-8221-F4AB71CB42D3}.Release|Any CPU.Build.0 = Release|Any CPU
	EndGlobalSection
	GlobalSection(SolutionProperties) = preSolution
		HideSolutionNode = FALSE
	EndGlobalSection
	GlobalSection(MonoDevelopProperties) = preSolution
		StartupItem = Assembly-CSharp.csproj
	EndGlobalSection
EndGlobal
